
Microsoft Visual Studio Solution File, Format Version 12.00
# Visual Studio Version 17
VisualStudioVersion = 17.10.34928.147
MinimumVisualStudioVersion = 10.0.40219.1
Project("{FAE04EC0-301F-11D3-BF4B-00C04F79EFBC}") = "ExceptionHandler", "ExceptionHandler.csproj", "{DEC68369-3C6B-4D8F-AEF9-6F1DBE6416FD}"
EndProject
Global
	GlobalSection(SolutionConfigurationPlatforms) = preSolution
		Debug|Any CPU = Debug|Any CPU
		Release|Any CPU = Release|Any CPU
	EndGlobalSection
	GlobalSection(ProjectConfigurationPlatforms) = postSolution
		{DEC68369-3C6B-4D8F-AEF9-6F1DBE6416FD}.Debug|Any CPU.ActiveCfg = Debug|Any CPU
		{DEC68369-3C6B-4D8F-AEF9-6F1DBE6416FD}.Debug|Any CPU.Build.0 = Debug|Any CPU
		{DEC68369-3C6B-4D8F-AEF9-6F1DBE6416FD}.Release|Any CPU.ActiveCfg = Release|Any CPU
		{DEC68369-3C6B-4D8F-AEF9-6F1DBE6416FD}.Release|Any CPU.Build.0 = Release|Any CPU
	EndGlobalSection
	GlobalSection(SolutionProperties) = preSolution
		HideSolutionNode = FALSE
	EndGlobalSection
	GlobalSection(ExtensibilityGlobals) = postSolution
		SolutionGuid = {D278D19C-4865-4615-9551-A379F4C708D9}
	EndGlobalSection
EndGlobal
